
Microsoft Visual Studio Solution File, Format Version 12.00
# Visual Studio 2015
Project("{FAE04EC0-301F-11D3-BF4B-00C04F79EFBC}") = "Altimit Client.Plugins", "Altimit Client.Plugins.csproj", "{DFB24734-419C-EFC5-F051-546F4AF65B38}"
EndProject
Project("{FAE04EC0-301F-11D3-BF4B-00C04F79EFBC}") = "Altimit Client", "Altimit Client.csproj", "{1ED56DE0-3329-88D5-66D8-B0507934E375}"
EndProject
Project("{FAE04EC0-301F-11D3-BF4B-00C04F79EFBC}") = "Altimit Client.Editor.Plugins", "Altimit Client.Editor.Plugins.csproj", "{283A1BA3-03AC-C73F-8668-FF48E17C78A7}"
EndProject
Project("{FAE04EC0-301F-11D3-BF4B-00C04F79EFBC}") = "Altimit Client.Editor", "Altimit Client.Editor.csproj", "{6D613C8C-4DD8-6BC5-C7D9-52DCC2951A12}"
EndProject
Global
	GlobalSection(SolutionConfigurationPlatforms) = preSolution
		Debug|Any CPU = Debug|Any CPU
		Release|Any CPU = Release|Any CPU
	EndGlobalSection
	GlobalSection(ProjectConfigurationPlatforms) = postSolution
		{DFB24734-419C-EFC5-F051-546F4AF65B38}.Debug|Any CPU.ActiveCfg = Debug|Any CPU
		{DFB24734-419C-EFC5-F051-546F4AF65B38}.Debug|Any CPU.Build.0 = Debug|Any CPU
		{DFB24734-419C-EFC5-F051-546F4AF65B38}.Release|Any CPU.ActiveCfg = Release|Any CPU
		{DFB24734-419C-EFC5-F051-546F4AF65B38}.Release|Any CPU.Build.0 = Release|Any CPU
		{1ED56DE0-3329-88D5-66D8-B0507934E375}.Debug|Any CPU.ActiveCfg = Debug|Any CPU
		{1ED56DE0-3329-88D5-66D8-B0507934E375}.Debug|Any CPU.Build.0 = Debug|Any CPU
		{1ED56DE0-3329-88D5-66D8-B0507934E375}.Release|Any CPU.ActiveCfg = Release|Any CPU
		{1ED56DE0-3329-88D5-66D8-B0507934E375}.Release|Any CPU.Build.0 = Release|Any CPU
		{283A1BA3-03AC-C73F-8668-FF48E17C78A7}.Debug|Any CPU.ActiveCfg = Debug|Any CPU
		{283A1BA3-03AC-C73F-8668-FF48E17C78A7}.Debug|Any CPU.Build.0 = Debug|Any CPU
		{283A1BA3-03AC-C73F-8668-FF48E17C78A7}.Release|Any CPU.ActiveCfg = Release|Any CPU
		{283A1BA3-03AC-C73F-8668-FF48E17C78A7}.Release|Any CPU.Build.0 = Release|Any CPU
		{6D613C8C-4DD8-6BC5-C7D9-52DCC2951A12}.Debug|Any CPU.ActiveCfg = Debug|Any CPU
		{6D613C8C-4DD8-6BC5-C7D9-52DCC2951A12}.Debug|Any CPU.Build.0 = Debug|Any CPU
		{6D613C8C-4DD8-6BC5-C7D9-52DCC2951A12}.Release|Any CPU.ActiveCfg = Release|Any CPU
		{6D613C8C-4DD8-6BC5-C7D9-52DCC2951A12}.Release|Any CPU.Build.0 = Release|Any CPU
	EndGlobalSection
	GlobalSection(SolutionProperties) = preSolution
		HideSolutionNode = FALSE
	EndGlobalSection
EndGlobal
