
Microsoft Visual Studio Solution File, Format Version 11.00
# Visual Studio 2010
Project("{FAE04EC0-301F-11D3-BF4B-00C04F79EFBC}") = "Altimit Client", "Assembly-CSharp.csproj", "{48CA2437-0C08-9B62-3706-2E22168CC824}"
EndProject
Project("{FAE04EC0-301F-11D3-BF4B-00C04F79EFBC}") = "Altimit Client", "Assembly-CSharp-firstpass.csproj", "{3363BCCD-CC2B-0378-2218-F20D4AA70A36}"
EndProject
Project("{FAE04EC0-301F-11D3-BF4B-00C04F79EFBC}") = "Altimit Client", "Assembly-CSharp-Editor-firstpass.csproj", "{E907963F-098B-F863-2102-74DF2DFF1826}"
EndProject
Project("{FAE04EC0-301F-11D3-BF4B-00C04F79EFBC}") = "Altimit Client", "Assembly-CSharp-Editor.csproj", "{BA5319BE-4FE1-76F8-718D-400A61B72385}"
EndProject
Global
	GlobalSection(SolutionConfigurationPlatforms) = preSolution
		Debug|Any CPU = Debug|Any CPU
		Release|Any CPU = Release|Any CPU
	EndGlobalSection
	GlobalSection(ProjectConfigurationPlatforms) = postSolution
		{48CA2437-0C08-9B62-3706-2E22168CC824}.Debug|Any CPU.ActiveCfg = Debug|Any CPU
		{48CA2437-0C08-9B62-3706-2E22168CC824}.Debug|Any CPU.Build.0 = Debug|Any CPU
		{48CA2437-0C08-9B62-3706-2E22168CC824}.Release|Any CPU.ActiveCfg = Release|Any CPU
		{48CA2437-0C08-9B62-3706-2E22168CC824}.Release|Any CPU.Build.0 = Release|Any CPU
		{3363BCCD-CC2B-0378-2218-F20D4AA70A36}.Debug|Any CPU.ActiveCfg = Debug|Any CPU
		{3363BCCD-CC2B-0378-2218-F20D4AA70A36}.Debug|Any CPU.Build.0 = Debug|Any CPU
		{3363BCCD-CC2B-0378-2218-F20D4AA70A36}.Release|Any CPU.ActiveCfg = Release|Any CPU
		{3363BCCD-CC2B-0378-2218-F20D4AA70A36}.Release|Any CPU.Build.0 = Release|Any CPU
		{E907963F-098B-F863-2102-74DF2DFF1826}.Debug|Any CPU.ActiveCfg = Debug|Any CPU
		{E907963F-098B-F863-2102-74DF2DFF1826}.Debug|Any CPU.Build.0 = Debug|Any CPU
		{E907963F-098B-F863-2102-74DF2DFF1826}.Release|Any CPU.ActiveCfg = Release|Any CPU
		{E907963F-098B-F863-2102-74DF2DFF1826}.Release|Any CPU.Build.0 = Release|Any CPU
		{BA5319BE-4FE1-76F8-718D-400A61B72385}.Debug|Any CPU.ActiveCfg = Debug|Any CPU
		{BA5319BE-4FE1-76F8-718D-400A61B72385}.Debug|Any CPU.Build.0 = Debug|Any CPU
		{BA5319BE-4FE1-76F8-718D-400A61B72385}.Release|Any CPU.ActiveCfg = Release|Any CPU
		{BA5319BE-4FE1-76F8-718D-400A61B72385}.Release|Any CPU.Build.0 = Release|Any CPU
	EndGlobalSection
	GlobalSection(SolutionProperties) = preSolution
		HideSolutionNode = FALSE
	EndGlobalSection
	GlobalSection(MonoDevelopProperties) = preSolution
		StartupItem = Assembly-CSharp.csproj
	EndGlobalSection
EndGlobal
