Microsoft Visual Studio Solution File, Format Version 11.00
# Visual Studio 2008

Project("{402A3122-BA04-8CCD-941B-E6B77DE117AF}") = "csharp-client", "Assembly-CSharp.csproj", "{D8209BAD-F698-6B02-BE97-9182BE870D9D}"
EndProject
Global
	GlobalSection(SolutionConfigurationPlatforms) = preSolution
		Debug|Any CPU = Debug|Any CPU
		Release|Any CPU = Release|Any CPU
	EndGlobalSection
	GlobalSection(ProjectConfigurationPlatforms) = postSolution
		{D8209BAD-F698-6B02-BE97-9182BE870D9D}.Debug|Any CPU.ActiveCfg = Debug|Any CPU
		{D8209BAD-F698-6B02-BE97-9182BE870D9D}.Debug|Any CPU.Build.0 = Debug|Any CPU
		{D8209BAD-F698-6B02-BE97-9182BE870D9D}.Release|Any CPU.ActiveCfg = Release|Any CPU
		{D8209BAD-F698-6B02-BE97-9182BE870D9D}.Release|Any CPU.Build.0 = Release|Any CPU
	EndGlobalSection
	GlobalSection(SolutionProperties) = preSolution
		HideSolutionNode = FALSE
	EndGlobalSection
	GlobalSection(MonoDevelopProperties) = preSolution
		StartupItem = Assembly-CSharp.csproj
	EndGlobalSection
EndGlobal
